// !$*UTF8*$!
{
	archiveVersion = 1;
	classes = {
	};
	objectVersion = 77;
	objects = {

/* Begin PBXContainerItemProxy section */
		3DC791B02C95074F0021BBBE /* PBXContainerItemProxy */ = {
			isa = PBXContainerItemProxy;
			containerPortal = 3DC791972C95074D0021BBBE /* Project object */;
			proxyType = 1;
			remoteGlobalIDString = 3DC7919E2C95074D0021BBBE;
			remoteInfo = DinoDiscovery;
		};
		3DC791BA2C95074F0021BBBE /* PBXContainerItemProxy */ = {
			isa = PBXContainerItemProxy;
			containerPortal = 3DC791972C95074D0021BBBE /* Project object */;
			proxyType = 1;
			remoteGlobalIDString = 3DC7919E2C95074D0021BBBE;
			remoteInfo = DinoDiscovery;
		};
/* End PBXContainerItemProxy section */

/* Begin PBXFileReference section */
		3DC7919F2C95074D0021BBBE /* DinoDiscovery.app */ = {isa = PBXFileReference; explicitFileType = wrapper.application; includeInIndex = 0; path = DinoDiscovery.app; sourceTree = BUILT_PRODUCTS_DIR; };
		3DC791AF2C95074F0021BBBE /* DinoDiscoveryTests.xctest */ = {isa = PBXFileReference; explicitFileType = wrapper.cfbundle; includeInIndex = 0; path = DinoDiscoveryTests.xctest; sourceTree = BUILT_PRODUCTS_DIR; };
		3DC791B92C95074F0021BBBE /* DinoDiscoveryUITests.xctest */ = {isa = PBXFileReference; explicitFileType = wrapper.cfbundle; includeInIndex = 0; path = DinoDiscoveryUITests.xctest; sourceTree = BUILT_PRODUCTS_DIR; };
/* End PBXFileReference section */

/* Begin PBXFileSystemSynchronizedRootGroup section */
		3DC791A12C95074D0021BBBE /* DinoDiscovery */ = {
			isa = PBXFileSystemSynchronizedRootGroup;
			path = DinoDiscovery;
			sourceTree = "<group>";
		};
		3DC791B22C95074F0021BBBE /* DinoDiscoveryTests */ = {
			isa = PBXFileSystemSynchronizedRootGroup;
			path = DinoDiscoveryTests;
			sourceTree = "<group>";
		};
		3DC791BC2C95074F0021BBBE /* DinoDiscoveryUITests */ = {
			isa = PBXFileSystemSynchronizedRootGroup;
			path = DinoDiscoveryUITests;
			sourceTree = "<group>";
		};
/* End PBXFileSystemSynchronizedRootGroup section */

/* Begin PBXFrameworksBuildPhase section */
		3DC7919C2C95074D0021BBBE /* Frameworks */ = {
			isa = PBXFrameworksBuildPhase;
			buildActionMask = 2147483647;
			files = (
			);
			runOnlyForDeploymentPostprocessing = 0;
		};
		3DC791AC2C95074F0021BBBE /* Frameworks */ = {
			isa = PBXFrameworksBuildPhase;
			buildActionMask = 2147483647;
			files = (
			);
			runOnlyForDeploymentPostprocessing = 0;
		};
		3DC791B62C95074F0021BBBE /* Frameworks */ = {
			isa = PBXFrameworksBuildPhase;
			buildActionMask = 2147483647;
			files = (
			);
			runOnlyForDeploymentPostprocessing = 0;
		};
/* End PBXFrameworksBuildPhase section */

/* Begin PBXGroup section */
		3DC791962C95074D0021BBBE = {
			isa = PBXGroup;
			children = (
				3DC791A12C95074D0021BBBE /* DinoDiscovery */,
				3DC791B22C95074F0021BBBE /* DinoDiscoveryTests */,
				3DC791BC2C95074F0021BBBE /* DinoDiscoveryUITests */,
				3DC791A02C95074D0021BBBE /* Products */,
			);
			sourceTree = "<group>";
		};
		3DC791A02C95074D0021BBBE /* Products */ = {
			isa = PBXGroup;
			children = (
				3DC7919F2C95074D0021BBBE /* DinoDiscovery.app */,
				3DC791AF2C95074F0021BBBE /* DinoDiscoveryTests.xctest */,
				3DC791B92C95074F0021BBBE /* DinoDiscoveryUITests.xctest */,
			);
			name = Products;
			sourceTree = "<group>";
		};
/* End PBXGroup section */

/* Begin PBXNativeTarget section */
		3DC7919E2C95074D0021BBBE /* DinoDiscovery */ = {
			isa = PBXNativeTarget;
			buildConfigurationList = 3DC791C32C95074F0021BBBE /* Build configuration list for PBXNativeTarget "DinoDiscovery" */;
			buildPhases = (
				3DC7919B2C95074D0021BBBE /* Sources */,
				3DC7919C2C95074D0021BBBE /* Frameworks */,
				3DC7919D2C95074D0021BBBE /* Resources */,
			);
			buildRules = (
			);
			dependencies = (
			);
			fileSystemSynchronizedGroups = (
				3DC791A12C95074D0021BBBE /* DinoDiscovery */,
			);
			name = DinoDiscovery;
			packageProductDependencies = (
			);
			productName = DinoDiscovery;
			productReference = 3DC7919F2C95074D0021BBBE /* DinoDiscovery.app */;
			productType = "com.apple.product-type.application";
		};
		3DC791AE2C95074F0021BBBE /* DinoDiscoveryTests */ = {
			isa = PBXNativeTarget;
			buildConfigurationList = 3DC791C62C95074F0021BBBE /* Build configuration list for PBXNativeTarget "DinoDiscoveryTests" */;
			buildPhases = (
				3DC791AB2C95074F0021BBBE /* Sources */,
				3DC791AC2C95074F0021BBBE /* Frameworks */,
				3DC791AD2C95074F0021BBBE /* Resources */,
			);
			buildRules = (
			);
			dependencies = (
				3DC791B12C95074F0021BBBE /* PBXTargetDependency */,
			);
			fileSystemSynchronizedGroups = (
				3DC791B22C95074F0021BBBE /* DinoDiscoveryTests */,
			);
			name = DinoDiscoveryTests;
			packageProductDependencies = (
			);
			productName = DinoDiscoveryTests;
			productReference = 3DC791AF2C95074F0021BBBE /* DinoDiscoveryTests.xctest */;
			productType = "com.apple.product-type.bundle.unit-test";
		};
		3DC791B82C95074F0021BBBE /* DinoDiscoveryUITests */ = {
			isa = PBXNativeTarget;
			buildConfigurationList = 3DC791C92C95074F0021BBBE /* Build configuration list for PBXNativeTarget "DinoDiscoveryUITests" */;
			buildPhases = (
				3DC791B52C95074F0021BBBE /* Sources */,
				3DC791B62C95074F0021BBBE /* Frameworks */,
				3DC791B72C95074F0021BBBE /* Resources */,
			);
			buildRules = (
			);
			dependencies = (
				3DC791BB2C95074F0021BBBE /* PBXTargetDependency */,
			);
			fileSystemSynchronizedGroups = (
				3DC791BC2C95074F0021BBBE /* DinoDiscoveryUITests */,
			);
			name = DinoDiscoveryUITests;
			packageProductDependencies = (
			);
			productName = DinoDiscoveryUITests;
			productReference = 3DC791B92C95074F0021BBBE /* DinoDiscoveryUITests.xctest */;
			productType = "com.apple.product-type.bundle.ui-testing";
		};
/* End PBXNativeTarget section */

/* Begin PBXProject section */
		3DC791972C95074D0021BBBE /* Project object */ = {
			isa = PBXProject;
			attributes = {
				BuildIndependentTargetsInParallel = 1;
				LastSwiftUpdateCheck = 1600;
				LastUpgradeCheck = 1600;
				TargetAttributes = {
					3DC7919E2C95074D0021BBBE = {
						CreatedOnToolsVersion = 16.0;
					};
					3DC791AE2C95074F0021BBBE = {
						CreatedOnToolsVersion = 16.0;
						TestTargetID = 3DC7919E2C95074D0021BBBE;
					};
					3DC791B82C95074F0021BBBE = {
						CreatedOnToolsVersion = 16.0;
						TestTargetID = 3DC7919E2C95074D0021BBBE;
					};
				};
			};
			buildConfigurationList = 3DC7919A2C95074D0021BBBE /* Build configuration list for PBXProject "DinoDiscovery" */;
			developmentRegion = en;
			hasScannedForEncodings = 0;
			knownRegions = (
				en,
				Base,
			);
			mainGroup = 3DC791962C95074D0021BBBE;
			minimizedProjectReferenceProxies = 1;
			preferredProjectObjectVersion = 77;
			productRefGroup = 3DC791A02C95074D0021BBBE /* Products */;
			projectDirPath = "";
			projectRoot = "";
			targets = (
				3DC7919E2C95074D0021BBBE /* DinoDiscovery */,
				3DC791AE2C95074F0021BBBE /* DinoDiscoveryTests */,
				3DC791B82C95074F0021BBBE /* DinoDiscoveryUITests */,
			);
		};
/* End PBXProject section */

/* Begin PBXResourcesBuildPhase section */
		3DC7919D2C95074D0021BBBE /* Resources */ = {
			isa = PBXResourcesBuildPhase;
			buildActionMask = 2147483647;
			files = (
			);
			runOnlyForDeploymentPostprocessing = 0;
		};
		3DC791AD2C95074F0021BBBE /* Resources */ = {
			isa = PBXResourcesBuildPhase;
			buildActionMask = 2147483647;
			files = (
			);
			runOnlyForDeploymentPostprocessing = 0;
		};
		3DC791B72C95074F0021BBBE /* Resources */ = {
			isa = PBXResourcesBuildPhase;
			buildActionMask = 2147483647;
			files = (
			);
			runOnlyForDeploymentPostprocessing = 0;
		};
/* End PBXResourcesBuildPhase section */

/* Begin PBXSourcesBuildPhase section */
		3DC7919B2C95074D0021BBBE /* Sources */ = {
			isa = PBXSourcesBuildPhase;
			buildActionMask = 2147483647;
			files = (
			);
			runOnlyForDeploymentPostprocessing = 0;
		};
		3DC791AB2C95074F0021BBBE /* Sources */ = {
			isa = PBXSourcesBuildPhase;
			buildActionMask = 2147483647;
			files = (
			);
			runOnlyForDeploymentPostprocessing = 0;
		};
		3DC791B52C95074F0021BBBE /* Sources */ = {
			isa = PBXSourcesBuildPhase;
			buildActionMask = 2147483647;
			files = (
			);
			runOnlyForDeploymentPostprocessing = 0;
		};
/* End PBXSourcesBuildPhase section */

/* Begin PBXTargetDependency section */
		3DC791B12C95074F0021BBBE /* PBXTargetDependency */ = {
			isa = PBXTargetDependency;
			target = 3DC7919E2C95074D0021BBBE /* DinoDiscovery */;
			targetProxy = 3DC791B02C95074F0021BBBE /* PBXContainerItemProxy */;
		};
		3DC791BB2C95074F0021BBBE /* PBXTargetDependency */ = {
			isa = PBXTargetDependency;
			target = 3DC7919E2C95074D0021BBBE /* DinoDiscovery */;
			targetProxy = 3DC791BA2C95074F0021BBBE /* PBXContainerItemProxy */;
		};
/* End PBXTargetDependency section */

/* Begin XCBuildConfiguration section */
		3DC791C12C95074F0021BBBE /* Debug */ = {
			isa = XCBuildConfiguration;
			buildSettings = {
				ALWAYS_SEARCH_USER_PATHS = NO;
				ASSETCATALOG_COMPILER_GENERATE_SWIFT_ASSET_SYMBOL_EXTENSIONS = YES;
				CLANG_ANALYZER_NONNULL = YES;
				CLANG_ANALYZER_NUMBER_OBJECT_CONVERSION = YES_AGGRESSIVE;
				CLANG_CXX_LANGUAGE_STANDARD = "gnu++20";
				CLANG_ENABLE_MODULES = YES;
				CLANG_ENABLE_OBJC_ARC = YES;
				CLANG_ENABLE_OBJC_WEAK = YES;
				CLANG_WARN_BLOCK_CAPTURE_AUTORELEASING = YES;
				CLANG_WARN_BOOL_CONVERSION = YES;
				CLANG_WARN_COMMA = YES;
				CLANG_WARN_CONSTANT_CONVERSION = YES;
				CLANG_WARN_DEPRECATED_OBJC_IMPLEMENTATIONS = YES;
				CLANG_WARN_DIRECT_OBJC_ISA_USAGE = YES_ERROR;
				CLANG_WARN_DOCUMENTATION_COMMENTS = YES;
				CLANG_WARN_EMPTY_BODY = YES;
				CLANG_WARN_ENUM_CONVERSION = YES;
				CLANG_WARN_INFINITE_RECURSION = YES;
				CLANG_WARN_INT_CONVERSION = YES;
				CLANG_WARN_NON_LITERAL_NULL_CONVERSION = YES;
				CLANG_WARN_OBJC_IMPLICIT_RETAIN_SELF = YES;
				CLANG_WARN_OBJC_LITERAL_CONVERSION = YES;
				CLANG_WARN_OBJC_ROOT_CLASS = YES_ERROR;
				CLANG_WARN_QUOTED_INCLUDE_IN_FRAMEWORK_HEADER = YES;
				CLANG_WARN_RANGE_LOOP_ANALYSIS = YES;
				CLANG_WARN_STRICT_PROTOTYPES = YES;
				CLANG_WARN_SUSPICIOUS_MOVE = YES;
				CLANG_WARN_UNGUARDED_AVAILABILITY = YES_AGGRESSIVE;
				CLANG_WARN_UNREACHABLE_CODE = YES;
				CLANG_WARN__DUPLICATE_METHOD_MATCH = YES;
				COPY_PHASE_STRIP = NO;
				DEBUG_INFORMATION_FORMAT = dwarf;
				ENABLE_STRICT_OBJC_MSGSEND = YES;
				ENABLE_TESTABILITY = YES;
				ENABLE_USER_SCRIPT_SANDBOXING = YES;
				GCC_C_LANGUAGE_STANDARD = gnu17;
				GCC_DYNAMIC_NO_PIC = NO;
				GCC_NO_COMMON_BLOCKS = YES;
				GCC_OPTIMIZATION_LEVEL = 0;
				GCC_PREPROCESSOR_DEFINITIONS = (
					"DEBUG=1",
					"$(inherited)",
				);
				GCC_WARN_64_TO_32_BIT_CONVERSION = YES;
				GCC_WARN_ABOUT_RETURN_TYPE = YES_ERROR;
				GCC_WARN_UNDECLARED_SELECTOR = YES;
				GCC_WARN_UNINITIALIZED_AUTOS = YES_AGGRESSIVE;
				GCC_WARN_UNUSED_FUNCTION = YES;
				GCC_WARN_UNUSED_VARIABLE = YES;
				IPHONEOS_DEPLOYMENT_TARGET = 18.0;
				LOCALIZATION_PREFERS_STRING_CATALOGS = YES;
				MTL_ENABLE_DEBUG_INFO = INCLUDE_SOURCE;
				MTL_FAST_MATH = YES;
				ONLY_ACTIVE_ARCH = YES;
				SDKROOT = iphoneos;
				SWIFT_ACTIVE_COMPILATION_CONDITIONS = "DEBUG $(inherited)";
				SWIFT_OPTIMIZATION_LEVEL = "-Onone";
			};
			name = Debug;
		};
		3DC791C22C95074F0021BBBE /* Release */ = {
			isa = XCBuildConfiguration;
			buildSettings = {
				ALWAYS_SEARCH_USER_PATHS = NO;
				ASSETCATALOG_COMPILER_GENERATE_SWIFT_ASSET_SYMBOL_EXTENSIONS = YES;
				CLANG_ANALYZER_NONNULL = YES;
				CLANG_ANALYZER_NUMBER_OBJECT_CONVERSION = YES_AGGRESSIVE;
				CLANG_CXX_LANGUAGE_STANDARD = "gnu++20";
				CLANG_ENABLE_MODULES = YES;
				CLANG_ENABLE_OBJC_ARC = YES;
				CLANG_ENABLE_OBJC_WEAK = YES;
				CLANG_WARN_BLOCK_CAPTURE_AUTORELEASING = YES;
				CLANG_WARN_BOOL_CONVERSION = YES;
				CLANG_WARN_COMMA = YES;
				CLANG_WARN_CONSTANT_CONVERSION = YES;
				CLANG_WARN_DEPRECATED_OBJC_IMPLEMENTATIONS = YES;
				CLANG_WARN_DIRECT_OBJC_ISA_USAGE = YES_ERROR;
				CLANG_WARN_DOCUMENTATION_COMMENTS = YES;
				CLANG_WARN_EMPTY_BODY = YES;
				CLANG_WARN_ENUM_CONVERSION = YES;
				CLANG_WARN_INFINITE_RECURSION = YES;
				CLANG_WARN_INT_CONVERSION = YES;
				CLANG_WARN_NON_LITERAL_NULL_CONVERSION = YES;
				CLANG_WARN_OBJC_IMPLICIT_RETAIN_SELF = YES;
				CLANG_WARN_OBJC_LITERAL_CONVERSION = YES;
				CLANG_WARN_OBJC_ROOT_CLASS = YES_ERROR;
				CLANG_WARN_QUOTED_INCLUDE_IN_FRAMEWORK_HEADER = YES;
				CLANG_WARN_RANGE_LOOP_ANALYSIS = YES;
				CLANG_WARN_STRICT_PROTOTYPES = YES;
				CLANG_WARN_SUSPICIOUS_MOVE = YES;
				CLANG_WARN_UNGUARDED_AVAILABILITY = YES_AGGRESSIVE;
				CLANG_WARN_UNREACHABLE_CODE = YES;
				CLANG_WARN__DUPLICATE_METHOD_MATCH = YES;
				COPY_PHASE_STRIP = NO;
				DEBUG_INFORMATION_FORMAT = "dwarf-with-dsym";
				ENABLE_NS_ASSERTIONS = NO;
				ENABLE_STRICT_OBJC_MSGSEND = YES;
				ENABLE_USER_SCRIPT_SANDBOXING = YES;
				GCC_C_LANGUAGE_STANDARD = gnu17;
				GCC_NO_COMMON_BLOCKS = YES;
				GCC_WARN_64_TO_32_BIT_CONVERSION = YES;
				GCC_WARN_ABOUT_RETURN_TYPE = YES_ERROR;
				GCC_WARN_UNDECLARED_SELECTOR = YES;
				GCC_WARN_UNINITIALIZED_AUTOS = YES_AGGRESSIVE;
				GCC_WARN_UNUSED_FUNCTION = YES;
				GCC_WARN_UNUSED_VARIABLE = YES;
				IPHONEOS_DEPLOYMENT_TARGET = 18.0;
				LOCALIZATION_PREFERS_STRING_CATALOGS = YES;
				MTL_ENABLE_DEBUG_INFO = NO;
				MTL_FAST_MATH = YES;
				SDKROOT = iphoneos;
				SWIFT_COMPILATION_MODE = wholemodule;
				VALIDATE_PRODUCT = YES;
			};
			name = Release;
		};
		3DC791C42C95074F0021BBBE /* Debug */ = {
			isa = XCBuildConfiguration;
			buildSettings = {
				ASSETCATALOG_COMPILER_APPICON_NAME = AppIcon;
				ASSETCATALOG_COMPILER_GLOBAL_ACCENT_COLOR_NAME = AccentColor;
				CODE_SIGN_STYLE = Automatic;
				CURRENT_PROJECT_VERSION = 1;
				DEVELOPMENT_ASSET_PATHS = "\"DinoDiscovery/Preview Content\"";
				DEVELOPMENT_TEAM = H45B8Q3475;
				ENABLE_PREVIEWS = YES;
				GENERATE_INFOPLIST_FILE = YES;
				INFOPLIST_KEY_UIApplicationSceneManifest_Generation = YES;
				INFOPLIST_KEY_UIApplicationSupportsIndirectInputEvents = YES;
				INFOPLIST_KEY_UILaunchScreen_Generation = YES;
				INFOPLIST_KEY_UISupportedInterfaceOrientations_iPad = "UIInterfaceOrientationPortrait UIInterfaceOrientationPortraitUpsideDown UIInterfaceOrientationLandscapeLeft UIInterfaceOrientationLandscapeRight";
				INFOPLIST_KEY_UISupportedInterfaceOrientations_iPhone = "UIInterfaceOrientationPortrait UIInterfaceOrientationLandscapeLeft UIInterfaceOrientationLandscapeRight";
				IPHONEOS_DEPLOYMENT_TARGET = 16.6;
				LD_RUNPATH_SEARCH_PATHS = (
					"$(inherited)",
					"@executable_path/Frameworks",
				);
				MARKETING_VERSION = 1.0;
				PRODUCT_BUNDLE_IDENTIFIER = felipegenuino.DinoDiscovery;
				PRODUCT_NAME = "$(TARGET_NAME)";
				SWIFT_EMIT_LOC_STRINGS = YES;
				SWIFT_VERSION = 5.0;
				TARGETED_DEVICE_FAMILY = "1,2";
			};
			name = Debug;
		};
		3DC791C52C95074F0021BBBE /* Release */ = {
			isa = XCBuildConfiguration;
			buildSettings = {
				ASSETCATALOG_COMPILER_APPICON_NAME = AppIcon;
				ASSETCATALOG_COMPILER_GLOBAL_ACCENT_COLOR_NAME = AccentColor;
				CODE_SIGN_STYLE = Automatic;
				CURRENT_PROJECT_VERSION = 1;
				DEVELOPMENT_ASSET_PATHS = "\"DinoDiscovery/Preview Content\"";
				DEVELOPMENT_TEAM = H45B8Q3475;
				ENABLE_PREVIEWS = YES;
				GENERATE_INFOPLIST_FILE = YES;
				INFOPLIST_KEY_UIApplicationSceneManifest_Generation = YES;
				INFOPLIST_KEY_UIApplicationSupportsIndirectInputEvents = YES;
				INFOPLIST_KEY_UILaunchScreen_Generation = YES;
				INFOPLIST_KEY_UISupportedInterfaceOrientations_iPad = "UIInterfaceOrientationPortrait UIInterfaceOrientationPortraitUpsideDown UIInterfaceOrientationLandscapeLeft UIInterfaceOrientationLandscapeRight";
				INFOPLIST_KEY_UISupportedInterfaceOrientations_iPhone = "UIInterfaceOrientationPortrait UIInterfaceOrientationLandscapeLeft UIInterfaceOrientationLandscapeRight";
				IPHONEOS_DEPLOYMENT_TARGET = 16.6;
				LD_RUNPATH_SEARCH_PATHS = (
					"$(inherited)",
					"@executable_path/Frameworks",
				);
				MARKETING_VERSION = 1.0;
				PRODUCT_BUNDLE_IDENTIFIER = felipegenuino.DinoDiscovery;
				PRODUCT_NAME = "$(TARGET_NAME)";
				SWIFT_EMIT_LOC_STRINGS = YES;
				SWIFT_VERSION = 5.0;
				TARGETED_DEVICE_FAMILY = "1,2";
			};
			name = Release;
		};
		3DC791C72C95074F0021BBBE /* Debug */ = {
			isa = XCBuildConfiguration;
			buildSettings = {
				BUNDLE_LOADER = "$(TEST_HOST)";
				CODE_SIGN_STYLE = Automatic;
				CURRENT_PROJECT_VERSION = 1;
				DEVELOPMENT_TEAM = H45B8Q3475;
				GENERATE_INFOPLIST_FILE = YES;
				IPHONEOS_DEPLOYMENT_TARGET = 18.0;
				MARKETING_VERSION = 1.0;
				PRODUCT_BUNDLE_IDENTIFIER = felipegenuino.DinoDiscoveryTests;
				PRODUCT_NAME = "$(TARGET_NAME)";
				SWIFT_EMIT_LOC_STRINGS = NO;
				SWIFT_VERSION = 5.0;
				TARGETED_DEVICE_FAMILY = "1,2";
				TEST_HOST = "$(BUILT_PRODUCTS_DIR)/DinoDiscovery.app/$(BUNDLE_EXECUTABLE_FOLDER_PATH)/DinoDiscovery";
			};
			name = Debug;
		};
		3DC791C82C95074F0021BBBE /* Release */ = {
			isa = XCBuildConfiguration;
			buildSettings = {
				BUNDLE_LOADER = "$(TEST_HOST)";
				CODE_SIGN_STYLE = Automatic;
				CURRENT_PROJECT_VERSION = 1;
				DEVELOPMENT_TEAM = H45B8Q3475;
				GENERATE_INFOPLIST_FILE = YES;
				IPHONEOS_DEPLOYMENT_TARGET = 18.0;
				MARKETING_VERSION = 1.0;
				PRODUCT_BUNDLE_IDENTIFIER = felipegenuino.DinoDiscoveryTests;
				PRODUCT_NAME = "$(TARGET_NAME)";
				SWIFT_EMIT_LOC_STRINGS = NO;
				SWIFT_VERSION = 5.0;
				TARGETED_DEVICE_FAMILY = "1,2";
				TEST_HOST = "$(BUILT_PRODUCTS_DIR)/DinoDiscovery.app/$(BUNDLE_EXECUTABLE_FOLDER_PATH)/DinoDiscovery";
			};
			name = Release;
		};
		3DC791CA2C95074F0021BBBE /* Debug */ = {
			isa = XCBuildConfiguration;
			buildSettings = {
				CODE_SIGN_STYLE = Automatic;
				CURRENT_PROJECT_VERSION = 1;
				DEVELOPMENT_TEAM = H45B8Q3475;
				GENERATE_INFOPLIST_FILE = YES;
				MARKETING_VERSION = 1.0;
				PRODUCT_BUNDLE_IDENTIFIER = felipegenuino.DinoDiscoveryUITests;
				PRODUCT_NAME = "$(TARGET_NAME)";
				SWIFT_EMIT_LOC_STRINGS = NO;
				SWIFT_VERSION = 5.0;
				TARGETED_DEVICE_FAMILY = "1,2";
				TEST_TARGET_NAME = DinoDiscovery;
			};
			name = Debug;
		};
		3DC791CB2C95074F0021BBBE /* Release */ = {
			isa = XCBuildConfiguration;
			buildSettings = {
				CODE_SIGN_STYLE = Automatic;
				CURRENT_PROJECT_VERSION = 1;
				DEVELOPMENT_TEAM = H45B8Q3475;
				GENERATE_INFOPLIST_FILE = YES;
				MARKETING_VERSION = 1.0;
				PRODUCT_BUNDLE_IDENTIFIER = felipegenuino.DinoDiscoveryUITests;
				PRODUCT_NAME = "$(TARGET_NAME)";
				SWIFT_EMIT_LOC_STRINGS = NO;
				SWIFT_VERSION = 5.0;
				TARGETED_DEVICE_FAMILY = "1,2";
				TEST_TARGET_NAME = DinoDiscovery;
			};
			name = Release;
		};
/* End XCBuildConfiguration section */

/* Begin XCConfigurationList section */
		3DC7919A2C95074D0021BBBE /* Build configuration list for PBXProject "DinoDiscovery" */ = {
			isa = XCConfigurationList;
			buildConfigurations = (
				3DC791C12C95074F0021BBBE /* Debug */,
				3DC791C22C95074F0021BBBE /* Release */,
			);
			defaultConfigurationIsVisible = 0;
			defaultConfigurationName = Release;
		};
		3DC791C32C95074F0021BBBE /* Build configuration list for PBXNativeTarget "DinoDiscovery" */ = {
			isa = XCConfigurationList;
			buildConfigurations = (
				3DC791C42C95074F0021BBBE /* Debug */,
				3DC791C52C95074F0021BBBE /* Release */,
			);
			defaultConfigurationIsVisible = 0;
			defaultConfigurationName = Release;
		};
		3DC791C62C95074F0021BBBE /* Build configuration list for PBXNativeTarget "DinoDiscoveryTests" */ = {
			isa = XCConfigurationList;
			buildConfigurations = (
				3DC791C72C95074F0021BBBE /* Debug */,
				3DC791C82C95074F0021BBBE /* Release */,
			);
			defaultConfigurationIsVisible = 0;
			defaultConfigurationName = Release;
		};
		3DC791C92C95074F0021BBBE /* Build configuration list for PBXNativeTarget "DinoDiscoveryUITests" */ = {
			isa = XCConfigurationList;
			buildConfigurations = (
				3DC791CA2C95074F0021BBBE /* Debug */,
				3DC791CB2C95074F0021BBBE /* Release */,
			);
			defaultConfigurationIsVisible = 0;
			defaultConfigurationName = Release;
		};
/* End XCConfigurationList section */
	};
	rootObject = 3DC791972C95074D0021BBBE /* Project object */;
}
